
Microsoft Visual Studio Solution File, Format Version 12.00
# Visual Studio Version 17
VisualStudioVersion = 17.5.33530.505
MinimumVisualStudioVersion = 10.0.40219.1
Project("{FAE04EC0-301F-11D3-BF4B-00C04F79EFBC}") = "TagManager", "TagManager.csproj", "{A252F870-28C2-49A0-ABD4-91E219B02346}"
EndProject
Global
	GlobalSection(SolutionConfigurationPlatforms) = preSolution
		Debug|Any CPU = Debug|Any CPU
		Release|Any CPU = Release|Any CPU
	EndGlobalSection
	GlobalSection(ProjectConfigurationPlatforms) = postSolution
		{A252F870-28C2-49A0-ABD4-91E219B02346}.Debug|Any CPU.ActiveCfg = Debug|Any CPU
		{A252F870-28C2-49A0-ABD4-91E219B02346}.Debug|Any CPU.Build.0 = Debug|Any CPU
		{A252F870-28C2-49A0-ABD4-91E219B02346}.Release|Any CPU.ActiveCfg = Release|Any CPU
		{A252F870-28C2-49A0-ABD4-91E219B02346}.Release|Any CPU.Build.0 = Release|Any CPU
	EndGlobalSection
	GlobalSection(SolutionProperties) = preSolution
		HideSolutionNode = FALSE
	EndGlobalSection
	GlobalSection(ExtensibilityGlobals) = postSolution
		SolutionGuid = {5CC96108-F9F4-4856-808A-C1E590F18561}
	EndGlobalSection
EndGlobal
